
Microsoft Visual Studio Solution File, Format Version 12.00
# Visual Studio Version 17
VisualStudioVersion = 17.12.35707.178
MinimumVisualStudioVersion = 10.0.40219.1
Project("{C9674DCB-5085-4A16-B785-4C70DD1589BD}") = "Airlines_SSIS", "Airlines_SSIS\Airlines_SSIS.dtproj", "{4B8E7835-B473-4C5C-8DAC-F0A40F437789}"
EndProject
Global
	GlobalSection(SolutionConfigurationPlatforms) = preSolution
		Development|Default = Development|Default
	EndGlobalSection
	GlobalSection(ProjectConfigurationPlatforms) = postSolution
		{4B8E7835-B473-4C5C-8DAC-F0A40F437789}.Development|Default.ActiveCfg = Development
		{4B8E7835-B473-4C5C-8DAC-F0A40F437789}.Development|Default.Build.0 = Development
	EndGlobalSection
	GlobalSection(SolutionProperties) = preSolution
		HideSolutionNode = FALSE
	EndGlobalSection
EndGlobal
